
Microsoft Visual Studio Solution File, Format Version 12.00
# Visual Studio 15
VisualStudioVersion = 15.0.28010.2048
MinimumVisualStudioVersion = 10.0.40219.1
Project("{FAE04EC0-301F-11D3-BF4B-00C04F79EFBC}") = "ClassLibraryE11", "ClassLibraryE11\ClassLibraryE11.csproj", "{2725B6C5-B8B6-44B5-A0BE-302D338D7820}"
EndProject
Project("{FAE04EC0-301F-11D3-BF4B-00C04F79EFBC}") = "UnitTestProject1", "UnitTestProject1\UnitTestProject1.csproj", "{6FE63B91-F93E-4193-B3BB-0EFA182C8EAD}"
EndProject
Global
	GlobalSection(SolutionConfigurationPlatforms) = preSolution
		Debug|Any CPU = Debug|Any CPU
		Release|Any CPU = Release|Any CPU
	EndGlobalSection
	GlobalSection(ProjectConfigurationPlatforms) = postSolution
		{2725B6C5-B8B6-44B5-A0BE-302D338D7820}.Debug|Any CPU.ActiveCfg = Debug|Any CPU
		{2725B6C5-B8B6-44B5-A0BE-302D338D7820}.Debug|Any CPU.Build.0 = Debug|Any CPU
		{2725B6C5-B8B6-44B5-A0BE-302D338D7820}.Release|Any CPU.ActiveCfg = Release|Any CPU
		{2725B6C5-B8B6-44B5-A0BE-302D338D7820}.Release|Any CPU.Build.0 = Release|Any CPU
		{6FE63B91-F93E-4193-B3BB-0EFA182C8EAD}.Debug|Any CPU.ActiveCfg = Debug|Any CPU
		{6FE63B91-F93E-4193-B3BB-0EFA182C8EAD}.Debug|Any CPU.Build.0 = Debug|Any CPU
		{6FE63B91-F93E-4193-B3BB-0EFA182C8EAD}.Release|Any CPU.ActiveCfg = Release|Any CPU
		{6FE63B91-F93E-4193-B3BB-0EFA182C8EAD}.Release|Any CPU.Build.0 = Release|Any CPU
	EndGlobalSection
	GlobalSection(SolutionProperties) = preSolution
		HideSolutionNode = FALSE
	EndGlobalSection
	GlobalSection(ExtensibilityGlobals) = postSolution
		SolutionGuid = {704D0849-855C-46EF-9EBC-D2A6632D9CC7}
	EndGlobalSection
EndGlobal
