
Microsoft Visual Studio Solution File, Format Version 12.00
# Visual Studio 15
VisualStudioVersion = 15.0.28010.2048
MinimumVisualStudioVersion = 10.0.40219.1
Project("{FAE04EC0-301F-11D3-BF4B-00C04F79EFBC}") = "ParallelProcessingE9", "ParallelProcessingE9\ParallelProcessingE9.csproj", "{EACB031F-414F-4E82-A36A-44E390EF1DA7}"
EndProject
Global
	GlobalSection(SolutionConfigurationPlatforms) = preSolution
		Debug|Any CPU = Debug|Any CPU
		Release|Any CPU = Release|Any CPU
	EndGlobalSection
	GlobalSection(ProjectConfigurationPlatforms) = postSolution
		{EACB031F-414F-4E82-A36A-44E390EF1DA7}.Debug|Any CPU.ActiveCfg = Debug|Any CPU
		{EACB031F-414F-4E82-A36A-44E390EF1DA7}.Debug|Any CPU.Build.0 = Debug|Any CPU
		{EACB031F-414F-4E82-A36A-44E390EF1DA7}.Release|Any CPU.ActiveCfg = Release|Any CPU
		{EACB031F-414F-4E82-A36A-44E390EF1DA7}.Release|Any CPU.Build.0 = Release|Any CPU
	EndGlobalSection
	GlobalSection(SolutionProperties) = preSolution
		HideSolutionNode = FALSE
	EndGlobalSection
	GlobalSection(ExtensibilityGlobals) = postSolution
		SolutionGuid = {BF14506D-C2E7-45B0-83DE-6F1D66833774}
	EndGlobalSection
EndGlobal
