
Microsoft Visual Studio Solution File, Format Version 12.00
# Visual Studio 15
VisualStudioVersion = 15.0.28010.2048
MinimumVisualStudioVersion = 10.0.40219.1
Project("{FAE04EC0-301F-11D3-BF4B-00C04F79EFBC}") = "HelloWorldWithClass", "HelloWorldWithClass\HelloWorldWithClass.csproj", "{1B9E74CC-5828-4879-BF42-FA7399A4D16D}"
EndProject
Project("{FAE04EC0-301F-11D3-BF4B-00C04F79EFBC}") = "CalculatorLibrary", "CalculatorLibrary\CalculatorLibrary.csproj", "{0D14F746-F532-4CDF-8500-EA7FDA9BCFEC}"
EndProject
Global
	GlobalSection(SolutionConfigurationPlatforms) = preSolution
		Debug|Any CPU = Debug|Any CPU
		Release|Any CPU = Release|Any CPU
	EndGlobalSection
	GlobalSection(ProjectConfigurationPlatforms) = postSolution
		{1B9E74CC-5828-4879-BF42-FA7399A4D16D}.Debug|Any CPU.ActiveCfg = Debug|Any CPU
		{1B9E74CC-5828-4879-BF42-FA7399A4D16D}.Debug|Any CPU.Build.0 = Debug|Any CPU
		{1B9E74CC-5828-4879-BF42-FA7399A4D16D}.Release|Any CPU.ActiveCfg = Release|Any CPU
		{1B9E74CC-5828-4879-BF42-FA7399A4D16D}.Release|Any CPU.Build.0 = Release|Any CPU
		{0D14F746-F532-4CDF-8500-EA7FDA9BCFEC}.Debug|Any CPU.ActiveCfg = Debug|Any CPU
		{0D14F746-F532-4CDF-8500-EA7FDA9BCFEC}.Debug|Any CPU.Build.0 = Debug|Any CPU
		{0D14F746-F532-4CDF-8500-EA7FDA9BCFEC}.Release|Any CPU.ActiveCfg = Release|Any CPU
		{0D14F746-F532-4CDF-8500-EA7FDA9BCFEC}.Release|Any CPU.Build.0 = Release|Any CPU
	EndGlobalSection
	GlobalSection(SolutionProperties) = preSolution
		HideSolutionNode = FALSE
	EndGlobalSection
	GlobalSection(ExtensibilityGlobals) = postSolution
		SolutionGuid = {520A2DDE-502E-4C2E-8171-26FFEF7F54B7}
	EndGlobalSection
EndGlobal
